
Microsoft Visual Studio Solution File, Format Version 12.00
# Visual Studio Version 17
VisualStudioVersion = 17.9.34607.119
MinimumVisualStudioVersion = 10.0.40219.1
Project("{8BC9CEB8-8B4A-11D0-8D11-00A0C91BC942}") = "Torroid", "Torroid\Torroid.vcxproj", "{BC19DE07-2BD2-455F-84BA-65FF22FB51EB}"
	ProjectSection(ProjectDependencies) = postProject
		{E51989D4-79D3-4EAC-A7BF-F076996821BB} = {E51989D4-79D3-4EAC-A7BF-F076996821BB}
	EndProjectSection
EndProject
Project("{8BC9CEB8-8B4A-11D0-8D11-00A0C91BC942}") = "Mile.Aria2.Library", "Mile.Aria2\Mile.Aria2.Library\Mile.Aria2.Library.vcxproj", "{E51989D4-79D3-4EAC-A7BF-F076996821BB}"
	ProjectSection(ProjectDependencies) = postProject
		{E8C0DBBE-0B8F-40B2-BACE-D5E3876A57E1} = {E8C0DBBE-0B8F-40B2-BACE-D5E3876A57E1}
	EndProjectSection
EndProject
Project("{8BC9CEB8-8B4A-11D0-8D11-00A0C91BC942}") = "Mile.Aria2.Wslay", "Mile.Aria2\Mile.Aria2.Wslay\Mile.Aria2.Wslay.vcxproj", "{E8C0DBBE-0B8F-40B2-BACE-D5E3876A57E1}"
EndProject
Global
	GlobalSection(SolutionConfigurationPlatforms) = preSolution
		Debug|ARM64 = Debug|ARM64
		Debug|x64 = Debug|x64
		Debug|x86 = Debug|x86
		Release|ARM64 = Release|ARM64
		Release|x64 = Release|x64
		Release|x86 = Release|x86
	EndGlobalSection
	GlobalSection(ProjectConfigurationPlatforms) = postSolution
		{BC19DE07-2BD2-455F-84BA-65FF22FB51EB}.Debug|ARM64.ActiveCfg = Debug|ARM64
		{BC19DE07-2BD2-455F-84BA-65FF22FB51EB}.Debug|ARM64.Build.0 = Debug|ARM64
		{BC19DE07-2BD2-455F-84BA-65FF22FB51EB}.Debug|ARM64.Deploy.0 = Debug|ARM64
		{BC19DE07-2BD2-455F-84BA-65FF22FB51EB}.Debug|x64.ActiveCfg = Debug|x64
		{BC19DE07-2BD2-455F-84BA-65FF22FB51EB}.Debug|x64.Build.0 = Debug|x64
		{BC19DE07-2BD2-455F-84BA-65FF22FB51EB}.Debug|x64.Deploy.0 = Debug|x64
		{BC19DE07-2BD2-455F-84BA-65FF22FB51EB}.Debug|x86.ActiveCfg = Debug|Win32
		{BC19DE07-2BD2-455F-84BA-65FF22FB51EB}.Debug|x86.Build.0 = Debug|Win32
		{BC19DE07-2BD2-455F-84BA-65FF22FB51EB}.Debug|x86.Deploy.0 = Debug|Win32
		{BC19DE07-2BD2-455F-84BA-65FF22FB51EB}.Release|ARM64.ActiveCfg = Release|ARM64
		{BC19DE07-2BD2-455F-84BA-65FF22FB51EB}.Release|ARM64.Build.0 = Release|ARM64
		{BC19DE07-2BD2-455F-84BA-65FF22FB51EB}.Release|ARM64.Deploy.0 = Release|ARM64
		{BC19DE07-2BD2-455F-84BA-65FF22FB51EB}.Release|x64.ActiveCfg = Release|x64
		{BC19DE07-2BD2-455F-84BA-65FF22FB51EB}.Release|x64.Build.0 = Release|x64
		{BC19DE07-2BD2-455F-84BA-65FF22FB51EB}.Release|x64.Deploy.0 = Release|x64
		{BC19DE07-2BD2-455F-84BA-65FF22FB51EB}.Release|x86.ActiveCfg = Release|Win32
		{BC19DE07-2BD2-455F-84BA-65FF22FB51EB}.Release|x86.Build.0 = Release|Win32
		{BC19DE07-2BD2-455F-84BA-65FF22FB51EB}.Release|x86.Deploy.0 = Release|Win32
		{E51989D4-79D3-4EAC-A7BF-F076996821BB}.Debug|ARM64.ActiveCfg = Debug|ARM64
		{E51989D4-79D3-4EAC-A7BF-F076996821BB}.Debug|ARM64.Build.0 = Debug|ARM64
		{E51989D4-79D3-4EAC-A7BF-F076996821BB}.Debug|x64.ActiveCfg = Debug|x64
		{E51989D4-79D3-4EAC-A7BF-F076996821BB}.Debug|x64.Build.0 = Debug|x64
		{E51989D4-79D3-4EAC-A7BF-F076996821BB}.Debug|x86.ActiveCfg = Debug|Win32
		{E51989D4-79D3-4EAC-A7BF-F076996821BB}.Debug|x86.Build.0 = Debug|Win32
		{E51989D4-79D3-4EAC-A7BF-F076996821BB}.Release|ARM64.ActiveCfg = Release|ARM64
		{E51989D4-79D3-4EAC-A7BF-F076996821BB}.Release|ARM64.Build.0 = Release|ARM64
		{E51989D4-79D3-4EAC-A7BF-F076996821BB}.Release|x64.ActiveCfg = Release|x64
		{E51989D4-79D3-4EAC-A7BF-F076996821BB}.Release|x64.Build.0 = Release|x64
		{E51989D4-79D3-4EAC-A7BF-F076996821BB}.Release|x86.ActiveCfg = Release|Win32
		{E51989D4-79D3-4EAC-A7BF-F076996821BB}.Release|x86.Build.0 = Release|Win32
		{E8C0DBBE-0B8F-40B2-BACE-D5E3876A57E1}.Debug|ARM64.ActiveCfg = Debug|ARM64
		{E8C0DBBE-0B8F-40B2-BACE-D5E3876A57E1}.Debug|ARM64.Build.0 = Debug|ARM64
		{E8C0DBBE-0B8F-40B2-BACE-D5E3876A57E1}.Debug|x64.ActiveCfg = Debug|x64
		{E8C0DBBE-0B8F-40B2-BACE-D5E3876A57E1}.Debug|x64.Build.0 = Debug|x64
		{E8C0DBBE-0B8F-40B2-BACE-D5E3876A57E1}.Debug|x86.ActiveCfg = Debug|Win32
		{E8C0DBBE-0B8F-40B2-BACE-D5E3876A57E1}.Debug|x86.Build.0 = Debug|Win32
		{E8C0DBBE-0B8F-40B2-BACE-D5E3876A57E1}.Release|ARM64.ActiveCfg = Release|ARM64
		{E8C0DBBE-0B8F-40B2-BACE-D5E3876A57E1}.Release|ARM64.Build.0 = Release|ARM64
		{E8C0DBBE-0B8F-40B2-BACE-D5E3876A57E1}.Release|x64.ActiveCfg = Release|x64
		{E8C0DBBE-0B8F-40B2-BACE-D5E3876A57E1}.Release|x64.Build.0 = Release|x64
		{E8C0DBBE-0B8F-40B2-BACE-D5E3876A57E1}.Release|x86.ActiveCfg = Release|Win32
		{E8C0DBBE-0B8F-40B2-BACE-D5E3876A57E1}.Release|x86.Build.0 = Release|Win32
	EndGlobalSection
	GlobalSection(SolutionProperties) = preSolution
		HideSolutionNode = FALSE
	EndGlobalSection
	GlobalSection(ExtensibilityGlobals) = postSolution
		SolutionGuid = {AA3D4C0E-F777-41C7-8A39-D445B771F8F0}
	EndGlobalSection
EndGlobal
